
Microsoft Visual Studio Solution File, Format Version 12.00
# Visual Studio Version 16
VisualStudioVersion = 16.0.30907.101
MinimumVisualStudioVersion = 10.0.40219.1
Project("{FAE04EC0-301F-11D3-BF4B-00C04F79EFBC}") = "WindowsFormsLab1-GREENPEACE", "WindowsFormsLab1-GREENPEACE\WindowsFormsLab1-GREENPEACE.csproj", "{2F2B9700-43A3-4B1D-9D8A-1F9A462A9F1C}"
EndProject
Global
	GlobalSection(SolutionConfigurationPlatforms) = preSolution
		Debug|Any CPU = Debug|Any CPU
		Release|Any CPU = Release|Any CPU
	EndGlobalSection
	GlobalSection(ProjectConfigurationPlatforms) = postSolution
		{2F2B9700-43A3-4B1D-9D8A-1F9A462A9F1C}.Debug|Any CPU.ActiveCfg = Debug|Any CPU
		{2F2B9700-43A3-4B1D-9D8A-1F9A462A9F1C}.Debug|Any CPU.Build.0 = Debug|Any CPU
		{2F2B9700-43A3-4B1D-9D8A-1F9A462A9F1C}.Release|Any CPU.ActiveCfg = Release|Any CPU
		{2F2B9700-43A3-4B1D-9D8A-1F9A462A9F1C}.Release|Any CPU.Build.0 = Release|Any CPU
	EndGlobalSection
	GlobalSection(SolutionProperties) = preSolution
		HideSolutionNode = FALSE
	EndGlobalSection
	GlobalSection(ExtensibilityGlobals) = postSolution
		SolutionGuid = {80319F6E-20C1-47BB-8B55-01D8D173CB2C}
	EndGlobalSection
EndGlobal
