
Microsoft Visual Studio Solution File, Format Version 12.00
# Visual Studio Version 16
VisualStudioVersion = 16.0.30907.101
MinimumVisualStudioVersion = 10.0.40219.1
Project("{FAE04EC0-301F-11D3-BF4B-00C04F79EFBC}") = "WPF-Praktice1Task1", "WPF-Praktice1Task1\WPF-Praktice1Task1.csproj", "{ACA47261-081D-4AF3-A655-F12B003B29F7}"
EndProject
Global
	GlobalSection(SolutionConfigurationPlatforms) = preSolution
		Debug|Any CPU = Debug|Any CPU
		Release|Any CPU = Release|Any CPU
	EndGlobalSection
	GlobalSection(ProjectConfigurationPlatforms) = postSolution
		{ACA47261-081D-4AF3-A655-F12B003B29F7}.Debug|Any CPU.ActiveCfg = Debug|Any CPU
		{ACA47261-081D-4AF3-A655-F12B003B29F7}.Debug|Any CPU.Build.0 = Debug|Any CPU
		{ACA47261-081D-4AF3-A655-F12B003B29F7}.Release|Any CPU.ActiveCfg = Release|Any CPU
		{ACA47261-081D-4AF3-A655-F12B003B29F7}.Release|Any CPU.Build.0 = Release|Any CPU
	EndGlobalSection
	GlobalSection(SolutionProperties) = preSolution
		HideSolutionNode = FALSE
	EndGlobalSection
	GlobalSection(ExtensibilityGlobals) = postSolution
		SolutionGuid = {D754E5C8-4724-46CC-89B9-4A109AE26444}
	EndGlobalSection
EndGlobal
