
Microsoft Visual Studio Solution File, Format Version 12.00
# Visual Studio Version 16
VisualStudioVersion = 16.0.30907.101
MinimumVisualStudioVersion = 10.0.40219.1
Project("{FAE04EC0-301F-11D3-BF4B-00C04F79EFBC}") = "WindowsFormsLab2Task4", "WindowsFormsLab2Task4\WindowsFormsLab2Task4.csproj", "{B329117B-1BA3-40EE-A151-CFE040ADA7B9}"
EndProject
Global
	GlobalSection(SolutionConfigurationPlatforms) = preSolution
		Debug|Any CPU = Debug|Any CPU
		Release|Any CPU = Release|Any CPU
	EndGlobalSection
	GlobalSection(ProjectConfigurationPlatforms) = postSolution
		{B329117B-1BA3-40EE-A151-CFE040ADA7B9}.Debug|Any CPU.ActiveCfg = Debug|Any CPU
		{B329117B-1BA3-40EE-A151-CFE040ADA7B9}.Debug|Any CPU.Build.0 = Debug|Any CPU
		{B329117B-1BA3-40EE-A151-CFE040ADA7B9}.Release|Any CPU.ActiveCfg = Release|Any CPU
		{B329117B-1BA3-40EE-A151-CFE040ADA7B9}.Release|Any CPU.Build.0 = Release|Any CPU
	EndGlobalSection
	GlobalSection(SolutionProperties) = preSolution
		HideSolutionNode = FALSE
	EndGlobalSection
	GlobalSection(ExtensibilityGlobals) = postSolution
		SolutionGuid = {BC8F89FA-56C8-4642-959E-1EA7D4137D65}
	EndGlobalSection
EndGlobal
