
Microsoft Visual Studio Solution File, Format Version 12.00
# Visual Studio Version 16
VisualStudioVersion = 16.0.30907.101
MinimumVisualStudioVersion = 10.0.40219.1
Project("{FAE04EC0-301F-11D3-BF4B-00C04F79EFBC}") = "WindowsFormsLab4Task4", "WindowsFormsLab4Task4\WindowsFormsLab4Task4.csproj", "{2C1A655E-92F0-4A95-A1AF-53CE7535323D}"
EndProject
Global
	GlobalSection(SolutionConfigurationPlatforms) = preSolution
		Debug|Any CPU = Debug|Any CPU
		Release|Any CPU = Release|Any CPU
	EndGlobalSection
	GlobalSection(ProjectConfigurationPlatforms) = postSolution
		{2C1A655E-92F0-4A95-A1AF-53CE7535323D}.Debug|Any CPU.ActiveCfg = Debug|Any CPU
		{2C1A655E-92F0-4A95-A1AF-53CE7535323D}.Debug|Any CPU.Build.0 = Debug|Any CPU
		{2C1A655E-92F0-4A95-A1AF-53CE7535323D}.Release|Any CPU.ActiveCfg = Release|Any CPU
		{2C1A655E-92F0-4A95-A1AF-53CE7535323D}.Release|Any CPU.Build.0 = Release|Any CPU
	EndGlobalSection
	GlobalSection(SolutionProperties) = preSolution
		HideSolutionNode = FALSE
	EndGlobalSection
	GlobalSection(ExtensibilityGlobals) = postSolution
		SolutionGuid = {575CA898-4FB3-4E66-AC39-9DCE87E98136}
	EndGlobalSection
EndGlobal
