
Microsoft Visual Studio Solution File, Format Version 12.00
# Visual Studio Version 16
VisualStudioVersion = 16.0.30907.101
MinimumVisualStudioVersion = 10.0.40219.1
Project("{FAE04EC0-301F-11D3-BF4B-00C04F79EFBC}") = "WindowsFormsLab1Task2", "WindowsFormsTask2\WindowsFormsLab1Task2.csproj", "{E4A84789-E68A-48F3-9233-3434093320B1}"
EndProject
Global
	GlobalSection(SolutionConfigurationPlatforms) = preSolution
		Debug|Any CPU = Debug|Any CPU
		Release|Any CPU = Release|Any CPU
	EndGlobalSection
	GlobalSection(ProjectConfigurationPlatforms) = postSolution
		{E4A84789-E68A-48F3-9233-3434093320B1}.Debug|Any CPU.ActiveCfg = Debug|Any CPU
		{E4A84789-E68A-48F3-9233-3434093320B1}.Debug|Any CPU.Build.0 = Debug|Any CPU
		{E4A84789-E68A-48F3-9233-3434093320B1}.Release|Any CPU.ActiveCfg = Release|Any CPU
		{E4A84789-E68A-48F3-9233-3434093320B1}.Release|Any CPU.Build.0 = Release|Any CPU
	EndGlobalSection
	GlobalSection(SolutionProperties) = preSolution
		HideSolutionNode = FALSE
	EndGlobalSection
	GlobalSection(ExtensibilityGlobals) = postSolution
		SolutionGuid = {4A6D1666-E48C-43AD-8A6E-E095824408F7}
	EndGlobalSection
EndGlobal
